// !$*UTF8*$!
{
	archiveVersion = 1;
	classes = {
	};
	objectVersion = 56;
	objects = {

/* Begin PBXBuildFile section */
		992808692BB5CFC900559ABD /* SampleCode.xcconfig in Resources */ = {isa = PBXBuildFile; fileRef = 992808672BB5CF0C00559ABD /* SampleCode.xcconfig */; };
		99B6B58C2B8DFACE00565208 /* Camera_SwiftUIApp.swift in Sources */ = {isa = PBXBuildFile; fileRef = 99B6B58B2B8DFACE00565208 /* Camera_SwiftUIApp.swift */; };
		99B6B58E2B8DFACE00565208 /* ContentView.swift in Sources */ = {isa = PBXBuildFile; fileRef = 99B6B58D2B8DFACE00565208 /* ContentView.swift */; };
		99B6B5902B8DFACF00565208 /* Assets.xcassets in Resources */ = {isa = PBXBuildFile; fileRef = 99B6B58F2B8DFACF00565208 /* Assets.xcassets */; };
		99B6B5932B8DFACF00565208 /* Preview Assets.xcassets in Resources */ = {isa = PBXBuildFile; fileRef = 99B6B5922B8DFACF00565208 /* Preview Assets.xcassets */; };
		99B6B59A2B8DFBA700565208 /* CameraView.swift in Sources */ = {isa = PBXBuildFile; fileRef = 99B6B5992B8DFBA700565208 /* CameraView.swift */; };
		99B6B59C2B8E23E100565208 /* ViewModel.swift in Sources */ = {isa = PBXBuildFile; fileRef = 99B6B59B2B8E23E100565208 /* ViewModel.swift */; };
		99B6B59E2B8E259000565208 /* CameraManager.swift in Sources */ = {isa = PBXBuildFile; fileRef = 99B6B59D2B8E259000565208 /* CameraManager.swift */; };
/* End PBXBuildFile section */

/* Begin PBXFileReference section */
		992808672BB5CF0C00559ABD /* SampleCode.xcconfig */ = {isa = PBXFileReference; lastKnownFileType = text.xcconfig; path = SampleCode.xcconfig; sourceTree = "<group>"; };
		998987392B922A1000A02DBB /* Info.plist */ = {isa = PBXFileReference; lastKnownFileType = text.plist; path = Info.plist; sourceTree = "<group>"; };
		99B6B5882B8DFACE00565208 /* Camera-SwiftUI.app */ = {isa = PBXFileReference; explicitFileType = wrapper.application; includeInIndex = 0; path = "Camera-SwiftUI.app"; sourceTree = BUILT_PRODUCTS_DIR; };
		99B6B58B2B8DFACE00565208 /* Camera_SwiftUIApp.swift */ = {isa = PBXFileReference; lastKnownFileType = sourcecode.swift; path = Camera_SwiftUIApp.swift; sourceTree = "<group>"; };
		99B6B58D2B8DFACE00565208 /* ContentView.swift */ = {isa = PBXFileReference; lastKnownFileType = sourcecode.swift; path = ContentView.swift; sourceTree = "<group>"; };
		99B6B58F2B8DFACF00565208 /* Assets.xcassets */ = {isa = PBXFileReference; lastKnownFileType = folder.assetcatalog; path = Assets.xcassets; sourceTree = "<group>"; };
		99B6B5922B8DFACF00565208 /* Preview Assets.xcassets */ = {isa = PBXFileReference; lastKnownFileType = folder.assetcatalog; path = "Preview Assets.xcassets"; sourceTree = "<group>"; };
		99B6B5992B8DFBA700565208 /* CameraView.swift */ = {isa = PBXFileReference; lastKnownFileType = sourcecode.swift; path = CameraView.swift; sourceTree = "<group>"; };
		99B6B59B2B8E23E100565208 /* ViewModel.swift */ = {isa = PBXFileReference; lastKnownFileType = sourcecode.swift; path = ViewModel.swift; sourceTree = "<group>"; };
		99B6B59D2B8E259000565208 /* CameraManager.swift */ = {isa = PBXFileReference; lastKnownFileType = sourcecode.swift; path = CameraManager.swift; sourceTree = "<group>"; };
/* End PBXFileReference section */

/* Begin PBXFrameworksBuildPhase section */
		99B6B5852B8DFACE00565208 /* Frameworks */ = {
			isa = PBXFrameworksBuildPhase;
			buildActionMask = 2147483647;
			files = (
			);
			runOnlyForDeploymentPostprocessing = 0;
		};
/* End PBXFrameworksBuildPhase section */

/* Begin PBXGroup section */
		992808682BB5CF1300559ABD /* Configuration */ = {
			isa = PBXGroup;
			children = (
				992808672BB5CF0C00559ABD /* SampleCode.xcconfig */,
			);
			name = Configuration;
			sourceTree = "<group>";
		};
		99B6B57F2B8DFACE00565208 = {
			isa = PBXGroup;
			children = (
				99B6B58A2B8DFACE00565208 /* Camera-SwiftUI */,
				99B6B5892B8DFACE00565208 /* Products */,
			);
			sourceTree = "<group>";
		};
		99B6B5892B8DFACE00565208 /* Products */ = {
			isa = PBXGroup;
			children = (
				99B6B5882B8DFACE00565208 /* Camera-SwiftUI.app */,
			);
			name = Products;
			sourceTree = "<group>";
		};
		99B6B58A2B8DFACE00565208 /* Camera-SwiftUI */ = {
			isa = PBXGroup;
			children = (
				998987392B922A1000A02DBB /* Info.plist */,
				99B6B58B2B8DFACE00565208 /* Camera_SwiftUIApp.swift */,
				99B6B58D2B8DFACE00565208 /* ContentView.swift */,
				99B6B59B2B8E23E100565208 /* ViewModel.swift */,
				99B6B59D2B8E259000565208 /* CameraManager.swift */,
				99B6B5992B8DFBA700565208 /* CameraView.swift */,
				99B6B58F2B8DFACF00565208 /* Assets.xcassets */,
				992808682BB5CF1300559ABD /* Configuration */,
				99B6B5912B8DFACF00565208 /* Preview Content */,
			);
			path = "Camera-SwiftUI";
			sourceTree = "<group>";
		};
		99B6B5912B8DFACF00565208 /* Preview Content */ = {
			isa = PBXGroup;
			children = (
				99B6B5922B8DFACF00565208 /* Preview Assets.xcassets */,
			);
			path = "Preview Content";
			sourceTree = "<group>";
		};
/* End PBXGroup section */

/* Begin PBXNativeTarget section */
		99B6B5872B8DFACE00565208 /* Camera-SwiftUI */ = {
			isa = PBXNativeTarget;
			buildConfigurationList = 99B6B5962B8DFACF00565208 /* Build configuration list for PBXNativeTarget "Camera-SwiftUI" */;
			buildPhases = (
				99B6B5842B8DFACE00565208 /* Sources */,
				99B6B5852B8DFACE00565208 /* Frameworks */,
				99B6B5862B8DFACE00565208 /* Resources */,
			);
			buildRules = (
			);
			dependencies = (
			);
			name = "Camera-SwiftUI";
			productName = "Camera-SwiftUI";
			productReference = 99B6B5882B8DFACE00565208 /* Camera-SwiftUI.app */;
			productType = "com.apple.product-type.application";
		};
/* End PBXNativeTarget section */

/* Begin PBXProject section */
		99B6B5802B8DFACE00565208 /* Project object */ = {
			isa = PBXProject;
			attributes = {
				BuildIndependentTargetsInParallel = 1;
				LastSwiftUpdateCheck = 1520;
				LastUpgradeCheck = 1520;
				TargetAttributes = {
					99B6B5872B8DFACE00565208 = {
						CreatedOnToolsVersion = 15.2;
					};
				};
			};
			buildConfigurationList = 99B6B5832B8DFACE00565208 /* Build configuration list for PBXProject "Camera-SwiftUI" */;
			compatibilityVersion = "Xcode 14.0";
			developmentRegion = en;
			hasScannedForEncodings = 0;
			knownRegions = (
				en,
				Base,
			);
			mainGroup = 99B6B57F2B8DFACE00565208;
			productRefGroup = 99B6B5892B8DFACE00565208 /* Products */;
			projectDirPath = "";
			projectRoot = "";
			targets = (
				99B6B5872B8DFACE00565208 /* Camera-SwiftUI */,
			);
		};
/* End PBXProject section */

/* Begin PBXResourcesBuildPhase section */
		99B6B5862B8DFACE00565208 /* Resources */ = {
			isa = PBXResourcesBuildPhase;
			buildActionMask = 2147483647;
			files = (
				99B6B5932B8DFACF00565208 /* Preview Assets.xcassets in Resources */,
				992808692BB5CFC900559ABD /* SampleCode.xcconfig in Resources */,
				99B6B5902B8DFACF00565208 /* Assets.xcassets in Resources */,
			);
			runOnlyForDeploymentPostprocessing = 0;
		};
/* End PBXResourcesBuildPhase section */

/* Begin PBXSourcesBuildPhase section */
		99B6B5842B8DFACE00565208 /* Sources */ = {
			isa = PBXSourcesBuildPhase;
			buildActionMask = 2147483647;
			files = (
				99B6B59A2B8DFBA700565208 /* CameraView.swift in Sources */,
				99B6B58E2B8DFACE00565208 /* ContentView.swift in Sources */,
				99B6B59C2B8E23E100565208 /* ViewModel.swift in Sources */,
				99B6B58C2B8DFACE00565208 /* Camera_SwiftUIApp.swift in Sources */,
				99B6B59E2B8E259000565208 /* CameraManager.swift in Sources */,
			);
			runOnlyForDeploymentPostprocessing = 0;
		};
/* End PBXSourcesBuildPhase section */

/* Begin XCBuildConfiguration section */
		99B6B5942B8DFACF00565208 /* Debug */ = {
			isa = XCBuildConfiguration;
			buildSettings = {
				ALWAYS_SEARCH_USER_PATHS = NO;
				ASSETCATALOG_COMPILER_GENERATE_SWIFT_ASSET_SYMBOL_EXTENSIONS = YES;
				CLANG_ANALYZER_NONNULL = YES;
				CLANG_ANALYZER_NUMBER_OBJECT_CONVERSION = YES_AGGRESSIVE;
				CLANG_CXX_LANGUAGE_STANDARD = "gnu++20";
				CLANG_ENABLE_MODULES = YES;
				CLANG_ENABLE_OBJC_ARC = YES;
				CLANG_ENABLE_OBJC_WEAK = YES;
				CLANG_WARN_BLOCK_CAPTURE_AUTORELEASING = YES;
				CLANG_WARN_BOOL_CONVERSION = YES;
				CLANG_WARN_COMMA = YES;
				CLANG_WARN_CONSTANT_CONVERSION = YES;
				CLANG_WARN_DEPRECATED_OBJC_IMPLEMENTATIONS = YES;
				CLANG_WARN_DIRECT_OBJC_ISA_USAGE = YES_ERROR;
				CLANG_WARN_DOCUMENTATION_COMMENTS = YES;
				CLANG_WARN_EMPTY_BODY = YES;
				CLANG_WARN_ENUM_CONVERSION = YES;
				CLANG_WARN_INFINITE_RECURSION = YES;
				CLANG_WARN_INT_CONVERSION = YES;
				CLANG_WARN_NON_LITERAL_NULL_CONVERSION = YES;
				CLANG_WARN_OBJC_IMPLICIT_RETAIN_SELF = YES;
				CLANG_WARN_OBJC_LITERAL_CONVERSION = YES;
				CLANG_WARN_OBJC_ROOT_CLASS = YES_ERROR;
				CLANG_WARN_QUOTED_INCLUDE_IN_FRAMEWORK_HEADER = YES;
				CLANG_WARN_RANGE_LOOP_ANALYSIS = YES;
				CLANG_WARN_STRICT_PROTOTYPES = YES;
				CLANG_WARN_SUSPICIOUS_MOVE = YES;
				CLANG_WARN_UNGUARDED_AVAILABILITY = YES_AGGRESSIVE;
				CLANG_WARN_UNREACHABLE_CODE = YES;
				CLANG_WARN__DUPLICATE_METHOD_MATCH = YES;
				COPY_PHASE_STRIP = NO;
				DEBUG_INFORMATION_FORMAT = dwarf;
				ENABLE_STRICT_OBJC_MSGSEND = YES;
				ENABLE_TESTABILITY = YES;
				ENABLE_USER_SCRIPT_SANDBOXING = YES;
				GCC_C_LANGUAGE_STANDARD = gnu17;
				GCC_DYNAMIC_NO_PIC = NO;
				GCC_NO_COMMON_BLOCKS = YES;
				GCC_OPTIMIZATION_LEVEL = 0;
				GCC_PREPROCESSOR_DEFINITIONS = (
					"DEBUG=1",
					"$(inherited)",
				);
				GCC_WARN_64_TO_32_BIT_CONVERSION = YES;
				GCC_WARN_ABOUT_RETURN_TYPE = YES_ERROR;
				GCC_WARN_UNDECLARED_SELECTOR = YES;
				GCC_WARN_UNINITIALIZED_AUTOS = YES_AGGRESSIVE;
				GCC_WARN_UNUSED_FUNCTION = YES;
				GCC_WARN_UNUSED_VARIABLE = YES;
				IPHONEOS_DEPLOYMENT_TARGET = 17.2;
				LOCALIZATION_PREFERS_STRING_CATALOGS = YES;
				MTL_ENABLE_DEBUG_INFO = INCLUDE_SOURCE;
				MTL_FAST_MATH = YES;
				ONLY_ACTIVE_ARCH = YES;
				SDKROOT = iphoneos;
				SWIFT_ACTIVE_COMPILATION_CONDITIONS = "DEBUG $(inherited)";
				SWIFT_OPTIMIZATION_LEVEL = "-Onone";
			};
			name = Debug;
		};
		99B6B5952B8DFACF00565208 /* Release */ = {
			isa = XCBuildConfiguration;
			buildSettings = {
				ALWAYS_SEARCH_USER_PATHS = NO;
				ASSETCATALOG_COMPILER_GENERATE_SWIFT_ASSET_SYMBOL_EXTENSIONS = YES;
				CLANG_ANALYZER_NONNULL = YES;
				CLANG_ANALYZER_NUMBER_OBJECT_CONVERSION = YES_AGGRESSIVE;
				CLANG_CXX_LANGUAGE_STANDARD = "gnu++20";
				CLANG_ENABLE_MODULES = YES;
				CLANG_ENABLE_OBJC_ARC = YES;
				CLANG_ENABLE_OBJC_WEAK = YES;
				CLANG_WARN_BLOCK_CAPTURE_AUTORELEASING = YES;
				CLANG_WARN_BOOL_CONVERSION = YES;
				CLANG_WARN_COMMA = YES;
				CLANG_WARN_CONSTANT_CONVERSION = YES;
				CLANG_WARN_DEPRECATED_OBJC_IMPLEMENTATIONS = YES;
				CLANG_WARN_DIRECT_OBJC_ISA_USAGE = YES_ERROR;
				CLANG_WARN_DOCUMENTATION_COMMENTS = YES;
				CLANG_WARN_EMPTY_BODY = YES;
				CLANG_WARN_ENUM_CONVERSION = YES;
				CLANG_WARN_INFINITE_RECURSION = YES;
				CLANG_WARN_INT_CONVERSION = YES;
				CLANG_WARN_NON_LITERAL_NULL_CONVERSION = YES;
				CLANG_WARN_OBJC_IMPLICIT_RETAIN_SELF = YES;
				CLANG_WARN_OBJC_LITERAL_CONVERSION = YES;
				CLANG_WARN_OBJC_ROOT_CLASS = YES_ERROR;
				CLANG_WARN_QUOTED_INCLUDE_IN_FRAMEWORK_HEADER = YES;
				CLANG_WARN_RANGE_LOOP_ANALYSIS = YES;
				CLANG_WARN_STRICT_PROTOTYPES = YES;
				CLANG_WARN_SUSPICIOUS_MOVE = YES;
				CLANG_WARN_UNGUARDED_AVAILABILITY = YES_AGGRESSIVE;
				CLANG_WARN_UNREACHABLE_CODE = YES;
				CLANG_WARN__DUPLICATE_METHOD_MATCH = YES;
				COPY_PHASE_STRIP = NO;
				DEBUG_INFORMATION_FORMAT = "dwarf-with-dsym";
				ENABLE_NS_ASSERTIONS = NO;
				ENABLE_STRICT_OBJC_MSGSEND = YES;
				ENABLE_USER_SCRIPT_SANDBOXING = YES;
				GCC_C_LANGUAGE_STANDARD = gnu17;
				GCC_NO_COMMON_BLOCKS = YES;
				GCC_WARN_64_TO_32_BIT_CONVERSION = YES;
				GCC_WARN_ABOUT_RETURN_TYPE = YES_ERROR;
				GCC_WARN_UNDECLARED_SELECTOR = YES;
				GCC_WARN_UNINITIALIZED_AUTOS = YES_AGGRESSIVE;
				GCC_WARN_UNUSED_FUNCTION = YES;
				GCC_WARN_UNUSED_VARIABLE = YES;
				IPHONEOS_DEPLOYMENT_TARGET = 17.2;
				LOCALIZATION_PREFERS_STRING_CATALOGS = YES;
				MTL_ENABLE_DEBUG_INFO = NO;
				MTL_FAST_MATH = YES;
				SDKROOT = iphoneos;
				SWIFT_COMPILATION_MODE = wholemodule;
				VALIDATE_PRODUCT = YES;
			};
			name = Release;
		};
		99B6B5972B8DFACF00565208 /* Debug */ = {
			isa = XCBuildConfiguration;
			buildSettings = {
				ASSETCATALOG_COMPILER_APPICON_NAME = AppIcon;
				ASSETCATALOG_COMPILER_GLOBAL_ACCENT_COLOR_NAME = AccentColor;
				CODE_SIGN_STYLE = Automatic;
				CURRENT_PROJECT_VERSION = 1;
				DEVELOPMENT_ASSET_PATHS = "\"Camera-SwiftUI/Preview Content\"";
				DEVELOPMENT_TEAM = 5QJLL8HM6C;
				ENABLE_PREVIEWS = YES;
				GENERATE_INFOPLIST_FILE = YES;
				INFOPLIST_FILE = "Camera-SwiftUI/Info.plist";
				INFOPLIST_KEY_NSCameraUsageDescription = "Get the camera feed";
				INFOPLIST_KEY_UIApplicationSceneManifest_Generation = YES;
				INFOPLIST_KEY_UIApplicationSupportsIndirectInputEvents = YES;
				INFOPLIST_KEY_UILaunchScreen_Generation = YES;
				INFOPLIST_KEY_UISupportedInterfaceOrientations = "UIInterfaceOrientationLandscapeLeft UIInterfaceOrientationLandscapeRight UIInterfaceOrientationPortrait";
				INFOPLIST_KEY_UISupportedInterfaceOrientations_iPad = "UIInterfaceOrientationLandscapeLeft UIInterfaceOrientationLandscapeRight UIInterfaceOrientationPortrait UIInterfaceOrientationPortraitUpsideDown";
				IPHONEOS_DEPLOYMENT_TARGET = 17.0;
				LD_RUNPATH_SEARCH_PATHS = (
					"$(inherited)",
					"@executable_path/Frameworks",
				);
				MARKETING_VERSION = 1.0;
				PRODUCT_BUNDLE_IDENTIFIER = "com.createwithswift.Camera-SwiftUI";
				PRODUCT_NAME = "$(TARGET_NAME)";
				SAMPLE_CODE_DISAMBIGUATOR = "";
				SUPPORTED_PLATFORMS = "iphoneos iphonesimulator macosx";
				SUPPORTS_MACCATALYST = NO;
				SUPPORTS_MAC_DESIGNED_FOR_IPHONE_IPAD = NO;
				SWIFT_EMIT_LOC_STRINGS = YES;
				SWIFT_VERSION = 5.0;
				TARGETED_DEVICE_FAMILY = "1,2";
			};
			name = Debug;
		};
		99B6B5982B8DFACF00565208 /* Release */ = {
			isa = XCBuildConfiguration;
			buildSettings = {
				ASSETCATALOG_COMPILER_APPICON_NAME = AppIcon;
				ASSETCATALOG_COMPILER_GLOBAL_ACCENT_COLOR_NAME = AccentColor;
				CODE_SIGN_STYLE = Automatic;
				CURRENT_PROJECT_VERSION = 1;
				DEVELOPMENT_ASSET_PATHS = "\"Camera-SwiftUI/Preview Content\"";
				DEVELOPMENT_TEAM = 5QJLL8HM6C;
				ENABLE_PREVIEWS = YES;
				GENERATE_INFOPLIST_FILE = YES;
				INFOPLIST_FILE = "Camera-SwiftUI/Info.plist";
				INFOPLIST_KEY_NSCameraUsageDescription = "Get the camera feed";
				INFOPLIST_KEY_UIApplicationSceneManifest_Generation = YES;
				INFOPLIST_KEY_UIApplicationSupportsIndirectInputEvents = YES;
				INFOPLIST_KEY_UILaunchScreen_Generation = YES;
				INFOPLIST_KEY_UISupportedInterfaceOrientations = "UIInterfaceOrientationLandscapeLeft UIInterfaceOrientationLandscapeRight UIInterfaceOrientationPortrait";
				INFOPLIST_KEY_UISupportedInterfaceOrientations_iPad = "UIInterfaceOrientationLandscapeLeft UIInterfaceOrientationLandscapeRight UIInterfaceOrientationPortrait UIInterfaceOrientationPortraitUpsideDown";
				IPHONEOS_DEPLOYMENT_TARGET = 17.0;
				LD_RUNPATH_SEARCH_PATHS = (
					"$(inherited)",
					"@executable_path/Frameworks",
				);
				MARKETING_VERSION = 1.0;
				PRODUCT_BUNDLE_IDENTIFIER = "com.createwithswift.Camera-SwiftUI";
				PRODUCT_NAME = "$(TARGET_NAME)";
				SAMPLE_CODE_DISAMBIGUATOR = "";
				SUPPORTED_PLATFORMS = "iphoneos iphonesimulator macosx";
				SUPPORTS_MACCATALYST = NO;
				SUPPORTS_MAC_DESIGNED_FOR_IPHONE_IPAD = NO;
				SWIFT_EMIT_LOC_STRINGS = YES;
				SWIFT_VERSION = 5.0;
				TARGETED_DEVICE_FAMILY = "1,2";
			};
			name = Release;
		};
/* End XCBuildConfiguration section */

/* Begin XCConfigurationList section */
		99B6B5832B8DFACE00565208 /* Build configuration list for PBXProject "Camera-SwiftUI" */ = {
			isa = XCConfigurationList;
			buildConfigurations = (
				99B6B5942B8DFACF00565208 /* Debug */,
				99B6B5952B8DFACF00565208 /* Release */,
			);
			defaultConfigurationIsVisible = 0;
			defaultConfigurationName = Release;
		};
		99B6B5962B8DFACF00565208 /* Build configuration list for PBXNativeTarget "Camera-SwiftUI" */ = {
			isa = XCConfigurationList;
			buildConfigurations = (
				99B6B5972B8DFACF00565208 /* Debug */,
				99B6B5982B8DFACF00565208 /* Release */,
			);
			defaultConfigurationIsVisible = 0;
			defaultConfigurationName = Release;
		};
/* End XCConfigurationList section */
	};
	rootObject = 99B6B5802B8DFACE00565208 /* Project object */;
}
